{
    "_readme": [
        "This file locks the dependencies of your project to a known state",
        "Read more about it at https://getcomposer.org/doc/01-basic-usage.md#composer-lock-the-lock-file",
        "This file is @generated automatically"
    ],
    "content-hash": "a2bebb92a558a4b054642607162be11a",
    "packages": [
        {
            "name": "facebook/graph-sdk",
            "version": "5.6.1",
            "source": {
                "type": "git",
                "url": "https://github.com/facebook/php-graph-sdk.git",
                "reference": "2f9639c15ae043911f40ffe44080b32bac2c5280"
            },
            "dist": {
                "type": "zip",
                "url": "https://api.github.com/repos/facebook/php-graph-sdk/zipball/2f9639c15ae043911f40ffe44080b32bac2c5280",
                "reference": "2f9639c15ae043911f40ffe44080b32bac2c5280",
                "shasum": ""
            },
            "require": {
                "php": "^5.4|^7.0"
            },
            "require-dev": {
                "guzzlehttp/guzzle": "~5.0",
                "mockery/mockery": "~0.8",
                "phpunit/phpunit": "~4.0"
            },
            "suggest": {
                "guzzlehttp/guzzle": "Allows for implementation of the Guzzle HTTP client",
                "paragonie/random_compat": "Provides a better CSPRNG option in PHP 5"
            },
            "type": "library",
            "extra": {
                "branch-alias": {
                    "dev-master": "5.x-dev"
                }
            },
            "autoload": {
                "psr-4": {
                    "Facebook\\": "src/Facebook/"
                },
                "files": [
                    "src/Facebook/polyfills.php"
                ]
            },
            "notification-url": "https://packagist.org/downloads/",
            "license": [
                "Facebook Platform"
            ],
            "authors": [
                {
                    "name": "Facebook",
                    "homepage": "https://github.com/facebook/php-graph-sdk/contributors"
                }
            ],
            "description": "Facebook SDK for PHP",
            "homepage": "https://github.com/facebook/php-graph-sdk",
            "keywords": [
                "facebook",
                "sdk"
            ],
            "time": "2017-08-16T17:28:07+00:00"
        },
        {
            "name": "kenguest/services-openstreetmap",
            "version": "V0.5.0",
            "source": {
                "type": "git",
                "url": "https://github.com/kenguest/Services_Openstreetmap.git",
                "reference": "4b64afa023f86ed9197ae108a52dc0717407dec4"
            },
            "dist": {
                "type": "zip",
                "url": "https://api.github.com/repos/kenguest/Services_Openstreetmap/zipball/4b64afa023f86ed9197ae108a52dc0717407dec4",
                "reference": "4b64afa023f86ed9197ae108a52dc0717407dec4",
                "shasum": ""
            },
            "require": {
                "pear/http_request2": "2.2.*",
                "pear/log": "1.12.*",
                "php": ">=5.3.0"
            },
            "require-dev": {
                "phpdocumentor/phpdocumentor": "2.*",
                "phpunit/phpunit": "*"
            },
            "suggest": {
                "pear/cache": "*"
            },
            "type": "library",
            "autoload": {
                "classmap": [
                    "Services/"
                ]
            },
            "notification-url": "https://packagist.org/downloads/",
            "include-path": [
                "./"
            ],
            "license": [
                "BSD-3-Clause"
            ],
            "authors": [
                {
                    "name": "Ken Guest",
                    "email": "ken@linux.ie",
                    "role": "Lead"
                }
            ],
            "description": "More information available at https://pear.php.net/package/Services_OpenStreetMap",
            "homepage": "https://github.com/kenguest/Services_Openstreetmap",
            "keywords": [
                "OpenStreetMap"
            ],
            "time": "2016-05-31T19:31:53+00:00"
        },
        {
            "name": "pear/http_request2",
            "version": "v2.2.1",
            "source": {
                "type": "git",
                "url": "https://github.com/pear/HTTP_Request2.git",
                "reference": "d6c81670c504045248c1afdf896bb9a3288158de"
            },
            "dist": {
                "type": "zip",
                "url": "https://api.github.com/repos/pear/HTTP_Request2/zipball/d6c81670c504045248c1afdf896bb9a3288158de",
                "reference": "d6c81670c504045248c1afdf896bb9a3288158de",
                "shasum": ""
            },
            "require": {
                "pear/net_url2": ">=2.0.0",
                "pear/pear_exception": "*",
                "php": ">=5.2.0"
            },
            "suggest": {
                "ext-fileinfo": "Adds support for looking up mime-types using finfo.",
                "ext-zlib": "Allows handling gzip compressed responses.",
                "lib-curl": "Allows using cURL as a request backend.",
                "lib-openssl": "Allows handling SSL requests when not using cURL."
            },
            "type": "library",
            "autoload": {
                "psr-0": {
                    "HTTP_Request2": ""
                }
            },
            "notification-url": "https://packagist.org/downloads/",
            "license": [
                "BSD-3-Clause"
            ],
            "authors": [
                {
                    "name": "Alexey Borzov",
                    "email": "avb@php.net",
                    "role": "Developer HTML_Common2"
                }
            ],
            "description": "Provides an easy way to perform HTTP requests.",
            "homepage": "http://pear.php.net/package/HTTP_Request2",
            "keywords": [
                "PEAR",
                "curl",
                "http",
                "request"
            ],
            "time": "2014-01-16T17:27:21+00:00"
        },
        {
            "name": "pear/log",
            "version": "1.12.9",
            "source": {
                "type": "git",
                "url": "https://github.com/pear/Log.git",
                "reference": "81b5109b6d3689c85118429c6e3ddd99ad90e9b0"
            },
            "dist": {
                "type": "zip",
                "url": "https://api.github.com/repos/pear/Log/zipball/81b5109b6d3689c85118429c6e3ddd99ad90e9b0",
                "reference": "81b5109b6d3689c85118429c6e3ddd99ad90e9b0",
                "shasum": ""
            },
            "require": {
                "pear/pear_exception": "1.0.0",
                "php": ">5.2"
            },
            "require-dev": {
                "phpunit/phpunit": "*"
            },
            "suggest": {
                "pear/db": "Install optionally via your project's composer.json"
            },
            "type": "library",
            "autoload": {
                "psr-0": {
                    "Log": "./"
                }
            },
            "notification-url": "https://packagist.org/downloads/",
            "include-path": [
                ""
            ],
            "license": [
                "MIT"
            ],
            "authors": [
                {
                    "name": "Jon Parise",
                    "email": "jon@php.net",
                    "homepage": "http://www.indelible.org",
                    "role": "Developer"
                }
            ],
            "description": "PEAR Logging Framework",
            "homepage": "http://pear.github.io/Log/",
            "keywords": [
                "log",
                "logging"
            ],
            "time": "2015-06-14T21:18:47+00:00"
        },
        {
            "name": "pear/net_url2",
            "version": "v2.2.2",
            "source": {
                "type": "git",
                "url": "https://github.com/pear/Net_URL2.git",
                "reference": "07fd055820dbf466ee3990abe96d0e40a8791f9d"
            },
            "dist": {
                "type": "zip",
                "url": "https://api.github.com/repos/pear/Net_URL2/zipball/07fd055820dbf466ee3990abe96d0e40a8791f9d",
                "reference": "07fd055820dbf466ee3990abe96d0e40a8791f9d",
                "shasum": ""
            },
            "require": {
                "php": ">=5.1.4"
            },
            "require-dev": {
                "phpunit/phpunit": ">=3.3.0"
            },
            "type": "library",
            "extra": {
                "branch-alias": {
                    "dev-master": "2.2.x-dev"
                }
            },
            "autoload": {
                "classmap": [
                    "Net/URL2.php"
                ]
            },
            "notification-url": "https://packagist.org/downloads/",
            "include-path": [
                "./"
            ],
            "license": [
                "BSD-3-Clause"
            ],
            "authors": [
                {
                    "name": "David Coallier",
                    "email": "davidc@php.net"
                },
                {
                    "name": "Tom Klingenberg",
                    "email": "tkli@php.net"
                },
                {
                    "name": "Christian Schmidt",
                    "email": "chmidt@php.net"
                }
            ],
            "description": "Class for parsing and handling URL. Provides parsing of URLs into their constituent parts (scheme, host, path etc.), URL generation, and resolving of relative URLs.",
            "homepage": "https://github.com/pear/Net_URL2",
            "keywords": [
                "PEAR",
                "net",
                "networking",
                "rfc3986",
                "uri",
                "url"
            ],
            "time": "2017-08-25T06:16:11+00:00"
        },
        {
            "name": "pear/pear_exception",
            "version": "v1.0.0",
            "source": {
                "type": "git",
                "url": "https://github.com/pear/PEAR_Exception.git",
                "reference": "8c18719fdae000b690e3912be401c76e406dd13b"
            },
            "dist": {
                "type": "zip",
                "url": "https://api.github.com/repos/pear/PEAR_Exception/zipball/8c18719fdae000b690e3912be401c76e406dd13b",
                "reference": "8c18719fdae000b690e3912be401c76e406dd13b",
                "shasum": ""
            },
            "require": {
                "php": ">=4.4.0"
            },
            "require-dev": {
                "phpunit/phpunit": "*"
            },
            "type": "class",
            "extra": {
                "branch-alias": {
                    "dev-master": "1.0.x-dev"
                }
            },
            "autoload": {
                "psr-0": {
                    "PEAR": ""
                }
            },
            "notification-url": "https://packagist.org/downloads/",
            "include-path": [
                "."
            ],
            "license": [
                "BSD-2-Clause"
            ],
            "authors": [
                {
                    "name": "Helgi Thormar",
                    "email": "dufuz@php.net"
                },
                {
                    "name": "Greg Beaver",
                    "email": "cellog@php.net"
                }
            ],
            "description": "The PEAR Exception base class.",
            "homepage": "https://github.com/pear/PEAR_Exception",
            "keywords": [
                "exception"
            ],
            "time": "2015-02-10T20:07:52+00:00"
        }
    ],
    "packages-dev": [],
    "aliases": [],
    "minimum-stability": "stable",
    "stability-flags": [],
    "prefer-stable": false,
    "prefer-lowest": false,
    "platform": [],
    "platform-dev": []
}
